<?xml version="1.0" encoding="utf-8"?>
<Project ToolsVersion="4.0" xmlns="http://schemas.microsoft.com/developer/msbuild/2003">
  <ItemGroup>
    <ClCompile Include="main.cpp" />
    <ClCompile Include="MyBase\Effect\BaseEffect.cpp">
      <Filter>MyBase\Effect</Filter>
    </ClCompile>
    <ClCompile Include="MyBase\Effect\BaseEffectManager.cpp">
      <Filter>MyBase\Effect</Filter>
    </ClCompile>
    <ClCompile Include="MyBase\Other\BaseDraw.cpp">
      <Filter>MyBase\Other</Filter>
    </ClCompile>
    <ClCompile Include="MyBase\Other\BaseInput.cpp">
      <Filter>MyBase\Other</Filter>
    </ClCompile>
    <ClCompile Include="MyBase\Other\BaseMath.cpp">
      <Filter>MyBase\Other</Filter>
    </ClCompile>
    <ClCompile Include="MyBase\Resource\BaseAudio.cpp">
      <Filter>MyBase\Resource</Filter>
    </ClCompile>
    <ClCompile Include="MyBase\Resource\BaseConst.cpp">
      <Filter>MyBase\Resource</Filter>
    </ClCompile>
    <ClCompile Include="MyBase\Resource\BaseTexture.cpp">
      <Filter>MyBase\Resource</Filter>
    </ClCompile>
    <ClCompile Include="MyBase\MyBase.cpp">
      <Filter>MyBase</Filter>
    </ClCompile>
    <ClCompile Include="Class\Wire\Wire.cpp">
      <Filter>Class\Wire</Filter>
    </ClCompile>
    <ClCompile Include="Class\Wire\WireManager.cpp">
      <Filter>Class\Wire</Filter>
    </ClCompile>
    <ClCompile Include="Class\Object\Object.cpp">
      <Filter>Class\Object</Filter>
    </ClCompile>
    <ClCompile Include="Class\Object\ObjectManager.cpp">
      <Filter>Class\Object</Filter>
    </ClCompile>
    <ClCompile Include="Class\Map\Map.cpp">
      <Filter>Class\Map</Filter>
    </ClCompile>
    <ClCompile Include="Class\Map\MapManager.cpp">
      <Filter>Class\Map</Filter>
    </ClCompile>
    <ClCompile Include="Class\Boss\Boss.cpp">
      <Filter>Class\Boss</Filter>
    </ClCompile>
    <ClCompile Include="C:\KamataEngine\Adapter\Novice.cpp">
      <Filter>KamataEngine\Adapter</Filter>
    </ClCompile>
    <ClCompile Include="C:\KamataEngine\DirectXGame\base\DirectXCommon.cpp">
      <Filter>KamataEngine\Source</Filter>
    </ClCompile>
    <ClCompile Include="C:\KamataEngine\DirectXGame\scene\GameScene.cpp">
      <Filter>KamataEngine\Source</Filter>
    </ClCompile>
    <ClCompile Include="C:\KamataEngine\DirectXGame\base\TextureManager.cpp">
      <Filter>KamataEngine\Source</Filter>
    </ClCompile>
    <ClCompile Include="C:\KamataEngine\DirectXGame\base\WinApp.cpp">
      <Filter>KamataEngine\Source</Filter>
    </ClCompile>
    <ClCompile Include="Class\Object\Block\Block.cpp">
      <Filter>Class\Object\Block</Filter>
    </ClCompile>
    <ClCompile Include="Class\Object\Enemy\Balloon.cpp">
      <Filter>Class\Object\Enemy</Filter>
    </ClCompile>
    <ClCompile Include="Class\Object\Hook\Hook.cpp">
      <Filter>Class\Object\Hook</Filter>
    </ClCompile>
    <ClCompile Include="Class\Object\Player\Player.cpp">
      <Filter>Class\Object\Player</Filter>
    </ClCompile>
    <ClCompile Include="Class\AttackHitBox\EnemyAttackHitBox.cpp">
      <Filter>Class\AttackHitBox</Filter>
    </ClCompile>
    <ClCompile Include="Class\Object\Core\Core.cpp">
      <Filter>Class\Object\Core</Filter>
    </ClCompile>
    <ClCompile Include="Class\AttackHitBox\ObjectHitBox.cpp">
      <Filter>Class\AttackHitBox</Filter>
    </ClCompile>
    <ClCompile Include="MyBase\Effect\Inheritance\BlockBreak.cpp">
      <Filter>MyBase\Effect\Inheritance</Filter>
    </ClCompile>
    <ClCompile Include="Class\SceneManager\SceneManager.cpp">
      <Filter>Class\SceneManager</Filter>
    </ClCompile>
    <ClCompile Include="Class\PublicFlag\PublicFlag.cpp">
      <Filter>Class\PublicFlag</Filter>
    </ClCompile>
    <ClCompile Include="Class\SceneManager\Scene\Title.cpp">
      <Filter>Class\SceneManager\Scene</Filter>
    </ClCompile>
    <ClCompile Include="Class\SceneManager\Scene\TutorialStage.cpp">
      <Filter>Class\SceneManager\Scene</Filter>
    </ClCompile>
    <ClCompile Include="Class\SceneManager\Scene\GameClear.cpp">
      <Filter>Class\SceneManager\Scene</Filter>
    </ClCompile>
    <ClCompile Include="Class\SceneManager\Scene\BossStage.cpp">
      <Filter>Class\SceneManager\Scene</Filter>
    </ClCompile>
    <ClCompile Include="Class\MiddleBoss\MiddleBoss.cpp">
      <Filter>Class\MiddleBoss</Filter>
    </ClCompile>
    <ClCompile Include="Class\Object\Enemy\IronBalloon.cpp">
      <Filter>Class\Object\Enemy</Filter>
    </ClCompile>
    <ClCompile Include="MyBase\Effect\Inheritance\ConcreteDust.cpp">
      <Filter>MyBase\Effect\Inheritance</Filter>
    </ClCompile>
    <ClCompile Include="Class\Object\Block\FallBlock.cpp">
      <Filter>Class\Object\Block</Filter>
    </ClCompile>
    <ClCompile Include="MyBase\Effect\Inheritance\BalloonDead.cpp">
      <Filter>MyBase\Effect\Inheritance</Filter>
    </ClCompile>
    <ClCompile Include="MyBase\Effect\Inheritance\IronBalloonDead.cpp">
      <Filter>MyBase\Effect\Inheritance</Filter>
    </ClCompile>
    <ClCompile Include="Class\SceneManager\Scene\Start.cpp">
      <Filter>Class\SceneManager\Scene</Filter>
    </ClCompile>
    <ClCompile Include="MyBase\Effect\Inheritance\FadeIn.cpp">
      <Filter>MyBase\Effect\Inheritance</Filter>
    </ClCompile>
    <ClCompile Include="MyBase\Effect\Inheritance\FadeOut.cpp">
      <Filter>MyBase\Effect\Inheritance</Filter>
    </ClCompile>
  </ItemGroup>
  <ItemGroup>
    <ClInclude Include="MyBase\Effect\BaseEffect.h">
      <Filter>MyBase\Effect</Filter>
    </ClInclude>
    <ClInclude Include="MyBase\Effect\BaseEffectManager.h">
      <Filter>MyBase\Effect</Filter>
    </ClInclude>
    <ClInclude Include="MyBase\Define\BaseEnum.h">
      <Filter>MyBase\Define</Filter>
    </ClInclude>
    <ClInclude Include="MyBase\Define\BaseStruct.h">
      <Filter>MyBase\Define</Filter>
    </ClInclude>
    <ClInclude Include="MyBase\Other\BaseDraw.h">
      <Filter>MyBase\Other</Filter>
    </ClInclude>
    <ClInclude Include="MyBase\Other\BaseInput.h">
      <Filter>MyBase\Other</Filter>
    </ClInclude>
    <ClInclude Include="MyBase\Other\BaseMath.h">
      <Filter>MyBase\Other</Filter>
    </ClInclude>
    <ClInclude Include="MyBase\Resource\BaseAudio.h">
      <Filter>MyBase\Resource</Filter>
    </ClInclude>
    <ClInclude Include="MyBase\Resource\BaseConst.h">
      <Filter>MyBase\Resource</Filter>
    </ClInclude>
    <ClInclude Include="MyBase\Resource\BaseTexture.h">
      <Filter>MyBase\Resource</Filter>
    </ClInclude>
    <ClInclude Include="MyBase\MyBase.h">
      <Filter>MyBase</Filter>
    </ClInclude>
    <ClInclude Include="Class\Wire\Wire.h">
      <Filter>Class\Wire</Filter>
    </ClInclude>
    <ClInclude Include="Class\Wire\WireManager.h">
      <Filter>Class\Wire</Filter>
    </ClInclude>
    <ClInclude Include="Class\Object\Object.h">
      <Filter>Class\Object</Filter>
    </ClInclude>
    <ClInclude Include="Class\Object\ObjectManager.h">
      <Filter>Class\Object</Filter>
    </ClInclude>
    <ClInclude Include="Class\Map\Map.h">
      <Filter>Class\Map</Filter>
    </ClInclude>
    <ClInclude Include="Class\Map\MapManager.h">
      <Filter>Class\Map</Filter>
    </ClInclude>
    <ClInclude Include="Class\Boss\Boss.h">
      <Filter>Class\Boss</Filter>
    </ClInclude>
    <ClInclude Include="C:\KamataEngine\Adapter\Novice.h">
      <Filter>KamataEngine\Adapter</Filter>
    </ClInclude>
    <ClInclude Include="C:\KamataEngine\DirectXGame\audio\Audio.h">
      <Filter>KamataEngine\Include</Filter>
    </ClInclude>
    <ClInclude Include="C:\KamataEngine\DirectXGame\3d\CircleShadow.h">
      <Filter>KamataEngine\Include</Filter>
    </ClInclude>
    <ClInclude Include="C:\KamataEngine\DirectXGame\3d\DebugCamera.h">
      <Filter>KamataEngine\Include</Filter>
    </ClInclude>
    <ClInclude Include="C:\KamataEngine\DirectXGame\2d\DebugText.h">
      <Filter>KamataEngine\Include</Filter>
    </ClInclude>
    <ClInclude Include="C:\KamataEngine\DirectXGame\3d\DirectionalLight.h">
      <Filter>KamataEngine\Include</Filter>
    </ClInclude>
    <ClInclude Include="C:\KamataEngine\DirectXGame\base\DirectXCommon.h">
      <Filter>KamataEngine\Include</Filter>
    </ClInclude>
    <ClInclude Include="C:\KamataEngine\DirectXGame\scene\GameScene.h">
      <Filter>KamataEngine\Include</Filter>
    </ClInclude>
    <ClInclude Include="C:\KamataEngine\DirectXGame\input\Input.h">
      <Filter>KamataEngine\Include</Filter>
    </ClInclude>
    <ClInclude Include="C:\KamataEngine\DirectXGame\3d\LightGroup.h">
      <Filter>KamataEngine\Include</Filter>
    </ClInclude>
    <ClInclude Include="C:\KamataEngine\DirectXGame\3d\Material.h">
      <Filter>KamataEngine\Include</Filter>
    </ClInclude>
    <ClInclude Include="..\DirectXGame\math\MathUtility.h">
      <Filter>KamataEngine\Include</Filter>
    </ClInclude>
    <ClInclude Include="..\DirectXGame\math\Matrix4.h">
      <Filter>KamataEngine\Include</Filter>
    </ClInclude>
    <ClInclude Include="C:\KamataEngine\DirectXGame\3d\Mesh.h">
      <Filter>KamataEngine\Include</Filter>
    </ClInclude>
    <ClInclude Include="C:\KamataEngine\DirectXGame\3d\Model.h">
      <Filter>KamataEngine\Include</Filter>
    </ClInclude>
    <ClInclude Include="C:\KamataEngine\DirectXGame\3d\PointLight.h">
      <Filter>KamataEngine\Include</Filter>
    </ClInclude>
    <ClInclude Include="C:\KamataEngine\DirectXGame\base\SafeDelete.h">
      <Filter>KamataEngine\Include</Filter>
    </ClInclude>
    <ClInclude Include="C:\KamataEngine\DirectXGame\3d\SpotLight.h">
      <Filter>KamataEngine\Include</Filter>
    </ClInclude>
    <ClInclude Include="C:\KamataEngine\DirectXGame\2d\Sprite.h">
      <Filter>KamataEngine\Include</Filter>
    </ClInclude>
    <ClInclude Include="C:\KamataEngine\DirectXGame\base\TextureManager.h">
      <Filter>KamataEngine\Include</Filter>
    </ClInclude>
    <ClInclude Include="..\DirectXGame\math\Vector2.h">
      <Filter>KamataEngine\Include</Filter>
    </ClInclude>
    <ClInclude Include="..\DirectXGame\math\Vector3.h">
      <Filter>KamataEngine\Include</Filter>
    </ClInclude>
    <ClInclude Include="..\DirectXGame\math\Vector4.h">
      <Filter>KamataEngine\Include</Filter>
    </ClInclude>
    <ClInclude Include="C:\KamataEngine\DirectXGame\3d\ViewProjection.h">
      <Filter>KamataEngine\Include</Filter>
    </ClInclude>
    <ClInclude Include="C:\KamataEngine\DirectXGame\base\WinApp.h">
      <Filter>KamataEngine\Include</Filter>
    </ClInclude>
    <ClInclude Include="C:\KamataEngine\DirectXGame\3d\WorldTransform.h">
      <Filter>KamataEngine\Include</Filter>
    </ClInclude>
    <ClInclude Include="Class\Object\Block\Block.h">
      <Filter>Class\Object\Block</Filter>
    </ClInclude>
    <ClInclude Include="Class\Object\Enemy\Balloon.h">
      <Filter>Class\Object\Enemy</Filter>
    </ClInclude>
    <ClInclude Include="Class\Object\Hook\Hook.h">
      <Filter>Class\Object\Hook</Filter>
    </ClInclude>
    <ClInclude Include="Class\Object\Player\Player.h">
      <Filter>Class\Object\Player</Filter>
    </ClInclude>
    <ClInclude Include="Class\AttackHitBox\EnemyAttackHitBox.h">
      <Filter>Class\AttackHitBox</Filter>
    </ClInclude>
    <ClInclude Include="Class\Object\Core\Core.h">
      <Filter>Class\Object\Core</Filter>
    </ClInclude>
    <ClInclude Include="Class\AttackHitBox\ObjectHitBox.h">
      <Filter>Class\AttackHitBox</Filter>
    </ClInclude>
    <ClInclude Include="MyBase\Effect\Inheritance\BlockBreak.h">
      <Filter>MyBase\Effect\Inheritance</Filter>
    </ClInclude>
    <ClInclude Include="Class\SceneManager\Scene\BaseScene.h">
      <Filter>Class\SceneManager\Scene</Filter>
    </ClInclude>
    <ClInclude Include="Class\SceneManager\SceneManager.h">
      <Filter>Class\SceneManager</Filter>
    </ClInclude>
    <ClInclude Include="Class\PublicFlag\PublicFlag.h">
      <Filter>Class\PublicFlag</Filter>
    </ClInclude>
    <ClInclude Include="Class\SceneManager\Scene\Title.h">
      <Filter>Class\SceneManager\Scene</Filter>
    </ClInclude>
    <ClInclude Include="Class\SceneManager\Scene\TutorialStage.h">
      <Filter>Class\SceneManager\Scene</Filter>
    </ClInclude>
    <ClInclude Include="Class\SceneManager\Scene\GameClear.h">
      <Filter>Class\SceneManager\Scene</Filter>
    </ClInclude>
    <ClInclude Include="Class\SceneManager\Scene\BossStage.h">
      <Filter>Class\SceneManager\Scene</Filter>
    </ClInclude>
    <ClInclude Include="Class\MiddleBoss\MiddleBoss.h">
      <Filter>Class\MiddleBoss</Filter>
    </ClInclude>
    <ClInclude Include="Class\Object\Enemy\IronBalloon.h">
      <Filter>Class\Object\Enemy</Filter>
    </ClInclude>
    <ClInclude Include="MyBase\Effect\Inheritance\ConcreteDust.h">
      <Filter>MyBase\Effect\Inheritance</Filter>
    </ClInclude>
    <ClInclude Include="Class\Object\Block\FallBlock.h">
      <Filter>Class\Object\Block</Filter>
    </ClInclude>
    <ClInclude Include="MyBase\Effect\Inheritance\BalloonDead.h">
      <Filter>MyBase\Effect\Inheritance</Filter>
    </ClInclude>
    <ClInclude Include="MyBase\Effect\Inheritance\IronBalloonDead.h">
      <Filter>MyBase\Effect\Inheritance</Filter>
    </ClInclude>
    <ClInclude Include="Class\SceneManager\Scene\Start.h">
      <Filter>Class\SceneManager\Scene</Filter>
    </ClInclude>
    <ClInclude Include="MyBase\Effect\Inheritance\FadeIn.h">
      <Filter>MyBase\Effect\Inheritance</Filter>
    </ClInclude>
    <ClInclude Include="MyBase\Effect\Inheritance\FadeOut.h">
      <Filter>MyBase\Effect\Inheritance</Filter>
    </ClInclude>
  </ItemGroup>
  <ItemGroup>
    <Filter Include="MyBase">
      <UniqueIdentifier>{e214d29c-65cd-49dc-8347-8fbddfa69106}</UniqueIdentifier>
    </Filter>
    <Filter Include="Class">
      <UniqueIdentifier>{57269d35-8314-4ca0-b259-3a1355975a86}</UniqueIdentifier>
    </Filter>
    <Filter Include="MyBase\Define">
      <UniqueIdentifier>{dd16f4f0-fab0-4a30-af4b-2a24662edb9f}</UniqueIdentifier>
    </Filter>
    <Filter Include="MyBase\Effect">
      <UniqueIdentifier>{fab6512c-ddf8-4691-9727-0b4fbc49469c}</UniqueIdentifier>
    </Filter>
    <Filter Include="MyBase\Resource">
      <UniqueIdentifier>{03e4777e-3e12-4894-a327-43338d215fbe}</UniqueIdentifier>
    </Filter>
    <Filter Include="MyBase\Other">
      <UniqueIdentifier>{51891dcf-cf46-4ff8-8fdd-e184ada8dc36}</UniqueIdentifier>
    </Filter>
    <Filter Include="Class\Boss">
      <UniqueIdentifier>{90beeacd-5086-464e-8a17-4c8663f59ba4}</UniqueIdentifier>
    </Filter>
    <Filter Include="Class\Object">
      <UniqueIdentifier>{7c4b2ad3-8216-4b1c-992d-4cf61b29df82}</UniqueIdentifier>
    </Filter>
    <Filter Include="Class\Wire">
      <UniqueIdentifier>{79d794f5-7673-47c8-9c70-896b125f8dc4}</UniqueIdentifier>
    </Filter>
    <Filter Include="KamataEngine">
      <UniqueIdentifier>{b3d2a6b2-b090-4c57-9fcc-78df642d64d1}</UniqueIdentifier>
    </Filter>
    <Filter Include="KamataEngine\Adapter">
      <UniqueIdentifier>{303d7d42-152d-4598-b49e-7fae3cf061e2}</UniqueIdentifier>
    </Filter>
    <Filter Include="KamataEngine\Include">
      <UniqueIdentifier>{0fcbb1ad-2e86-4f09-945d-8b2d39952720}</UniqueIdentifier>
    </Filter>
    <Filter Include="KamataEngine\Source">
      <UniqueIdentifier>{9f94b0e9-a5cd-4d4b-9cfb-8fed096ed38d}</UniqueIdentifier>
    </Filter>
    <Filter Include="Class\Object\Block">
      <UniqueIdentifier>{b84cb1d5-4b60-4055-8072-ceaaac1322de}</UniqueIdentifier>
    </Filter>
    <Filter Include="Class\Object\Hook">
      <UniqueIdentifier>{9289e3ee-224b-4c93-ab3d-0b467b6689ad}</UniqueIdentifier>
    </Filter>
    <Filter Include="Class\Object\Player">
      <UniqueIdentifier>{7fd75e9c-3d41-4696-a85f-d19860eaf8a2}</UniqueIdentifier>
    </Filter>
    <Filter Include="Class\AttackHitBox">
      <UniqueIdentifier>{234ad5f3-ae41-46ea-a673-7cb61b74b43c}</UniqueIdentifier>
    </Filter>
    <Filter Include="Class\Object\Core">
      <UniqueIdentifier>{8f5dc105-9cf3-47c2-b8f9-bccc3feaee41}</UniqueIdentifier>
    </Filter>
    <Filter Include="MyBase\Effect\Inheritance">
      <UniqueIdentifier>{4e7c2685-5a81-4a81-b37b-91e2cc120b29}</UniqueIdentifier>
    </Filter>
    <Filter Include="Class\Object\Enemy">
      <UniqueIdentifier>{ef356951-2f3c-4677-9299-039dc1c3e3b5}</UniqueIdentifier>
    </Filter>
    <Filter Include="Class\SceneManager">
      <UniqueIdentifier>{7024dcdc-8389-466a-ad65-74bf7a6af8bb}</UniqueIdentifier>
    </Filter>
    <Filter Include="Class\SceneManager\Scene">
      <UniqueIdentifier>{4f76a417-29e7-4378-88d6-ee07158e86c5}</UniqueIdentifier>
    </Filter>
    <Filter Include="Class\Map">
      <UniqueIdentifier>{be68f683-2361-4668-8b2d-8be8b7318dbc}</UniqueIdentifier>
    </Filter>
    <Filter Include="Class\MiddleBoss">
      <UniqueIdentifier>{5e0f2194-49f9-4cc3-ad22-b04a42665f39}</UniqueIdentifier>
    </Filter>
    <Filter Include="Class\PublicFlag">
      <UniqueIdentifier>{84d89fa3-dc5e-455c-949a-c3b2f6a32d47}</UniqueIdentifier>
    </Filter>
  </ItemGroup>
</Project>